// !$*UTF8*$!
{
	archiveVersion = 1;
	classes = {
	};
	objectVersion = 50;
	objects = {

/* Begin PBXBuildFile section */
		324E6B1B22733BE100E934CC /* ViewController2.swift in Sources */ = {isa = PBXBuildFile; fileRef = 324E6B1A22733BE100E934CC /* ViewController2.swift */; };
		324E6B1D22733BF400E934CC /* ViewController3.swift in Sources */ = {isa = PBXBuildFile; fileRef = 324E6B1C22733BF400E934CC /* ViewController3.swift */; };
		32B026982270A09800D87122 /* AppDelegate.swift in Sources */ = {isa = PBXBuildFile; fileRef = 32B026972270A09800D87122 /* AppDelegate.swift */; };
		32B0269A2270A09800D87122 /* ViewController.swift in Sources */ = {isa = PBXBuildFile; fileRef = 32B026992270A09800D87122 /* ViewController.swift */; };
		32B0269D2270A09800D87122 /* Main.storyboard in Resources */ = {isa = PBXBuildFile; fileRef = 32B0269B2270A09800D87122 /* Main.storyboard */; };
		32B026A02270A09800D87122 /* Pick_Up_Game.xcdatamodeld in Sources */ = {isa = PBXBuildFile; fileRef = 32B0269E2270A09800D87122 /* Pick_Up_Game.xcdatamodeld */; };
		32B026A22270A09900D87122 /* Assets.xcassets in Resources */ = {isa = PBXBuildFile; fileRef = 32B026A12270A09900D87122 /* Assets.xcassets */; };
		32B026A52270A09900D87122 /* LaunchScreen.storyboard in Resources */ = {isa = PBXBuildFile; fileRef = 32B026A32270A09900D87122 /* LaunchScreen.storyboard */; };
		32B026B02270A09A00D87122 /* Pick_Up_GameTests.swift in Sources */ = {isa = PBXBuildFile; fileRef = 32B026AF2270A09A00D87122 /* Pick_Up_GameTests.swift */; };
		32B026BB2270A09A00D87122 /* Pick_Up_GameUITests.swift in Sources */ = {isa = PBXBuildFile; fileRef = 32B026BA2270A09A00D87122 /* Pick_Up_GameUITests.swift */; };
/* End PBXBuildFile section */

/* Begin PBXContainerItemProxy section */
		32B026AC2270A09A00D87122 /* PBXContainerItemProxy */ = {
			isa = PBXContainerItemProxy;
			containerPortal = 32B0268C2270A09800D87122 /* Project object */;
			proxyType = 1;
			remoteGlobalIDString = 32B026932270A09800D87122;
			remoteInfo = "Pick Up Game";
		};
		32B026B72270A09A00D87122 /* PBXContainerItemProxy */ = {
			isa = PBXContainerItemProxy;
			containerPortal = 32B0268C2270A09800D87122 /* Project object */;
			proxyType = 1;
			remoteGlobalIDString = 32B026932270A09800D87122;
			remoteInfo = "Pick Up Game";
		};
/* End PBXContainerItemProxy section */

/* Begin PBXFileReference section */
		324E6B1A22733BE100E934CC /* ViewController2.swift */ = {isa = PBXFileReference; lastKnownFileType = sourcecode.swift; path = ViewController2.swift; sourceTree = "<group>"; };
		324E6B1C22733BF400E934CC /* ViewController3.swift */ = {isa = PBXFileReference; lastKnownFileType = sourcecode.swift; path = ViewController3.swift; sourceTree = "<group>"; };
		32B026942270A09800D87122 /* Pick Up Game.app */ = {isa = PBXFileReference; explicitFileType = wrapper.application; includeInIndex = 0; path = "Pick Up Game.app"; sourceTree = BUILT_PRODUCTS_DIR; };
		32B026972270A09800D87122 /* AppDelegate.swift */ = {isa = PBXFileReference; lastKnownFileType = sourcecode.swift; path = AppDelegate.swift; sourceTree = "<group>"; };
		32B026992270A09800D87122 /* ViewController.swift */ = {isa = PBXFileReference; lastKnownFileType = sourcecode.swift; path = ViewController.swift; sourceTree = "<group>"; };
		32B0269C2270A09800D87122 /* Base */ = {isa = PBXFileReference; lastKnownFileType = file.storyboard; name = Base; path = Base.lproj/Main.storyboard; sourceTree = "<group>"; };
		32B0269F2270A09800D87122 /* Pick_Up_Game.xcdatamodel */ = {isa = PBXFileReference; lastKnownFileType = wrapper.xcdatamodel; path = Pick_Up_Game.xcdatamodel; sourceTree = "<group>"; };
		32B026A12270A09900D87122 /* Assets.xcassets */ = {isa = PBXFileReference; lastKnownFileType = folder.assetcatalog; path = Assets.xcassets; sourceTree = "<group>"; };
		32B026A42270A09900D87122 /* Base */ = {isa = PBXFileReference; lastKnownFileType = file.storyboard; name = Base; path = Base.lproj/LaunchScreen.storyboard; sourceTree = "<group>"; };
		32B026A62270A09900D87122 /* Info.plist */ = {isa = PBXFileReference; lastKnownFileType = text.plist.xml; path = Info.plist; sourceTree = "<group>"; };
		32B026AB2270A09A00D87122 /* Pick Up GameTests.xctest */ = {isa = PBXFileReference; explicitFileType = wrapper.cfbundle; includeInIndex = 0; path = "Pick Up GameTests.xctest"; sourceTree = BUILT_PRODUCTS_DIR; };
		32B026AF2270A09A00D87122 /* Pick_Up_GameTests.swift */ = {isa = PBXFileReference; lastKnownFileType = sourcecode.swift; path = Pick_Up_GameTests.swift; sourceTree = "<group>"; };
		32B026B12270A09A00D87122 /* Info.plist */ = {isa = PBXFileReference; lastKnownFileType = text.plist.xml; path = Info.plist; sourceTree = "<group>"; };
		32B026B62270A09A00D87122 /* Pick Up GameUITests.xctest */ = {isa = PBXFileReference; explicitFileType = wrapper.cfbundle; includeInIndex = 0; path = "Pick Up GameUITests.xctest"; sourceTree = BUILT_PRODUCTS_DIR; };
		32B026BA2270A09A00D87122 /* Pick_Up_GameUITests.swift */ = {isa = PBXFileReference; lastKnownFileType = sourcecode.swift; path = Pick_Up_GameUITests.swift; sourceTree = "<group>"; };
		32B026BC2270A09A00D87122 /* Info.plist */ = {isa = PBXFileReference; lastKnownFileType = text.plist.xml; path = Info.plist; sourceTree = "<group>"; };
/* End PBXFileReference section */

/* Begin PBXFrameworksBuildPhase section */
		32B026912270A09800D87122 /* Frameworks */ = {
			isa = PBXFrameworksBuildPhase;
			buildActionMask = 2147483647;
			files = (
			);
			runOnlyForDeploymentPostprocessing = 0;
		};
		32B026A82270A09A00D87122 /* Frameworks */ = {
			isa = PBXFrameworksBuildPhase;
			buildActionMask = 2147483647;
			files = (
			);
			runOnlyForDeploymentPostprocessing = 0;
		};
		32B026B32270A09A00D87122 /* Frameworks */ = {
			isa = PBXFrameworksBuildPhase;
			buildActionMask = 2147483647;
			files = (
			);
			runOnlyForDeploymentPostprocessing = 0;
		};
/* End PBXFrameworksBuildPhase section */

/* Begin PBXGroup section */
		32B0268B2270A09800D87122 = {
			isa = PBXGroup;
			children = (
				32B026962270A09800D87122 /* Pick Up Game */,
				32B026AE2270A09A00D87122 /* Pick Up GameTests */,
				32B026B92270A09A00D87122 /* Pick Up GameUITests */,
				32B026952270A09800D87122 /* Products */,
			);
			sourceTree = "<group>";
		};
		32B026952270A09800D87122 /* Products */ = {
			isa = PBXGroup;
			children = (
				32B026942270A09800D87122 /* Pick Up Game.app */,
				32B026AB2270A09A00D87122 /* Pick Up GameTests.xctest */,
				32B026B62270A09A00D87122 /* Pick Up GameUITests.xctest */,
			);
			name = Products;
			sourceTree = "<group>";
		};
		32B026962270A09800D87122 /* Pick Up Game */ = {
			isa = PBXGroup;
			children = (
				32B026972270A09800D87122 /* AppDelegate.swift */,
				32B026992270A09800D87122 /* ViewController.swift */,
				324E6B1A22733BE100E934CC /* ViewController2.swift */,
				324E6B1C22733BF400E934CC /* ViewController3.swift */,
				32B0269B2270A09800D87122 /* Main.storyboard */,
				32B026A12270A09900D87122 /* Assets.xcassets */,
				32B026A32270A09900D87122 /* LaunchScreen.storyboard */,
				32B026A62270A09900D87122 /* Info.plist */,
				32B0269E2270A09800D87122 /* Pick_Up_Game.xcdatamodeld */,
			);
			path = "Pick Up Game";
			sourceTree = "<group>";
		};
		32B026AE2270A09A00D87122 /* Pick Up GameTests */ = {
			isa = PBXGroup;
			children = (
				32B026AF2270A09A00D87122 /* Pick_Up_GameTests.swift */,
				32B026B12270A09A00D87122 /* Info.plist */,
			);
			path = "Pick Up GameTests";
			sourceTree = "<group>";
		};
		32B026B92270A09A00D87122 /* Pick Up GameUITests */ = {
			isa = PBXGroup;
			children = (
				32B026BA2270A09A00D87122 /* Pick_Up_GameUITests.swift */,
				32B026BC2270A09A00D87122 /* Info.plist */,
			);
			path = "Pick Up GameUITests";
			sourceTree = "<group>";
		};
/* End PBXGroup section */

/* Begin PBXNativeTarget section */
		32B026932270A09800D87122 /* Pick Up Game */ = {
			isa = PBXNativeTarget;
			buildConfigurationList = 32B026BF2270A09A00D87122 /* Build configuration list for PBXNativeTarget "Pick Up Game" */;
			buildPhases = (
				32B026902270A09800D87122 /* Sources */,
				32B026912270A09800D87122 /* Frameworks */,
				32B026922270A09800D87122 /* Resources */,
			);
			buildRules = (
			);
			dependencies = (
			);
			name = "Pick Up Game";
			productName = "Pick Up Game";
			productReference = 32B026942270A09800D87122 /* Pick Up Game.app */;
			productType = "com.apple.product-type.application";
		};
		32B026AA2270A09A00D87122 /* Pick Up GameTests */ = {
			isa = PBXNativeTarget;
			buildConfigurationList = 32B026C22270A09A00D87122 /* Build configuration list for PBXNativeTarget "Pick Up GameTests" */;
			buildPhases = (
				32B026A72270A09A00D87122 /* Sources */,
				32B026A82270A09A00D87122 /* Frameworks */,
				32B026A92270A09A00D87122 /* Resources */,
			);
			buildRules = (
			);
			dependencies = (
				32B026AD2270A09A00D87122 /* PBXTargetDependency */,
			);
			name = "Pick Up GameTests";
			productName = "Pick Up GameTests";
			productReference = 32B026AB2270A09A00D87122 /* Pick Up GameTests.xctest */;
			productType = "com.apple.product-type.bundle.unit-test";
		};
		32B026B52270A09A00D87122 /* Pick Up GameUITests */ = {
			isa = PBXNativeTarget;
			buildConfigurationList = 32B026C52270A09A00D87122 /* Build configuration list for PBXNativeTarget "Pick Up GameUITests" */;
			buildPhases = (
				32B026B22270A09A00D87122 /* Sources */,
				32B026B32270A09A00D87122 /* Frameworks */,
				32B026B42270A09A00D87122 /* Resources */,
			);
			buildRules = (
			);
			dependencies = (
				32B026B82270A09A00D87122 /* PBXTargetDependency */,
			);
			name = "Pick Up GameUITests";
			productName = "Pick Up GameUITests";
			productReference = 32B026B62270A09A00D87122 /* Pick Up GameUITests.xctest */;
			productType = "com.apple.product-type.bundle.ui-testing";
		};
/* End PBXNativeTarget section */

/* Begin PBXProject section */
		32B0268C2270A09800D87122 /* Project object */ = {
			isa = PBXProject;
			attributes = {
				LastSwiftUpdateCheck = 1010;
				LastUpgradeCheck = 1010;
				ORGANIZATIONNAME = clc.Flynn;
				TargetAttributes = {
					32B026932270A09800D87122 = {
						CreatedOnToolsVersion = 10.1;
					};
					32B026AA2270A09A00D87122 = {
						CreatedOnToolsVersion = 10.1;
						TestTargetID = 32B026932270A09800D87122;
					};
					32B026B52270A09A00D87122 = {
						CreatedOnToolsVersion = 10.1;
						TestTargetID = 32B026932270A09800D87122;
					};
				};
			};
			buildConfigurationList = 32B0268F2270A09800D87122 /* Build configuration list for PBXProject "Pick Up Game" */;
			compatibilityVersion = "Xcode 9.3";
			developmentRegion = en;
			hasScannedForEncodings = 0;
			knownRegions = (
				en,
				Base,
			);
			mainGroup = 32B0268B2270A09800D87122;
			productRefGroup = 32B026952270A09800D87122 /* Products */;
			projectDirPath = "";
			projectRoot = "";
			targets = (
				32B026932270A09800D87122 /* Pick Up Game */,
				32B026AA2270A09A00D87122 /* Pick Up GameTests */,
				32B026B52270A09A00D87122 /* Pick Up GameUITests */,
			);
		};
/* End PBXProject section */

/* Begin PBXResourcesBuildPhase section */
		32B026922270A09800D87122 /* Resources */ = {
			isa = PBXResourcesBuildPhase;
			buildActionMask = 2147483647;
			files = (
				32B026A52270A09900D87122 /* LaunchScreen.storyboard in Resources */,
				32B026A22270A09900D87122 /* Assets.xcassets in Resources */,
				32B0269D2270A09800D87122 /* Main.storyboard in Resources */,
			);
			runOnlyForDeploymentPostprocessing = 0;
		};
		32B026A92270A09A00D87122 /* Resources */ = {
			isa = PBXResourcesBuildPhase;
			buildActionMask = 2147483647;
			files = (
			);
			runOnlyForDeploymentPostprocessing = 0;
		};
		32B026B42270A09A00D87122 /* Resources */ = {
			isa = PBXResourcesBuildPhase;
			buildActionMask = 2147483647;
			files = (
			);
			runOnlyForDeploymentPostprocessing = 0;
		};
/* End PBXResourcesBuildPhase section */

/* Begin PBXSourcesBuildPhase section */
		32B026902270A09800D87122 /* Sources */ = {
			isa = PBXSourcesBuildPhase;
			buildActionMask = 2147483647;
			files = (
				324E6B1D22733BF400E934CC /* ViewController3.swift in Sources */,
				32B0269A2270A09800D87122 /* ViewController.swift in Sources */,
				324E6B1B22733BE100E934CC /* ViewController2.swift in Sources */,
				32B026982270A09800D87122 /* AppDelegate.swift in Sources */,
				32B026A02270A09800D87122 /* Pick_Up_Game.xcdatamodeld in Sources */,
			);
			runOnlyForDeploymentPostprocessing = 0;
		};
		32B026A72270A09A00D87122 /* Sources */ = {
			isa = PBXSourcesBuildPhase;
			buildActionMask = 2147483647;
			files = (
				32B026B02270A09A00D87122 /* Pick_Up_GameTests.swift in Sources */,
			);
			runOnlyForDeploymentPostprocessing = 0;
		};
		32B026B22270A09A00D87122 /* Sources */ = {
			isa = PBXSourcesBuildPhase;
			buildActionMask = 2147483647;
			files = (
				32B026BB2270A09A00D87122 /* Pick_Up_GameUITests.swift in Sources */,
			);
			runOnlyForDeploymentPostprocessing = 0;
		};
/* End PBXSourcesBuildPhase section */

/* Begin PBXTargetDependency section */
		32B026AD2270A09A00D87122 /* PBXTargetDependency */ = {
			isa = PBXTargetDependency;
			target = 32B026932270A09800D87122 /* Pick Up Game */;
			targetProxy = 32B026AC2270A09A00D87122 /* PBXContainerItemProxy */;
		};
		32B026B82270A09A00D87122 /* PBXTargetDependency */ = {
			isa = PBXTargetDependency;
			target = 32B026932270A09800D87122 /* Pick Up Game */;
			targetProxy = 32B026B72270A09A00D87122 /* PBXContainerItemProxy */;
		};
/* End PBXTargetDependency section */

/* Begin PBXVariantGroup section */
		32B0269B2270A09800D87122 /* Main.storyboard */ = {
			isa = PBXVariantGroup;
			children = (
				32B0269C2270A09800D87122 /* Base */,
			);
			name = Main.storyboard;
			sourceTree = "<group>";
		};
		32B026A32270A09900D87122 /* LaunchScreen.storyboard */ = {
			isa = PBXVariantGroup;
			children = (
				32B026A42270A09900D87122 /* Base */,
			);
			name = LaunchScreen.storyboard;
			sourceTree = "<group>";
		};
/* End PBXVariantGroup section */

/* Begin XCBuildConfiguration section */
		32B026BD2270A09A00D87122 /* Debug */ = {
			isa = XCBuildConfiguration;
			buildSettings = {
				ALWAYS_SEARCH_USER_PATHS = NO;
				CLANG_ANALYZER_NONNULL = YES;
				CLANG_ANALYZER_NUMBER_OBJECT_CONVERSION = YES_AGGRESSIVE;
				CLANG_CXX_LANGUAGE_STANDARD = "gnu++14";
				CLANG_CXX_LIBRARY = "libc++";
				CLANG_ENABLE_MODULES = YES;
				CLANG_ENABLE_OBJC_ARC = YES;
				CLANG_ENABLE_OBJC_WEAK = YES;
				CLANG_WARN_BLOCK_CAPTURE_AUTORELEASING = YES;
				CLANG_WARN_BOOL_CONVERSION = YES;
				CLANG_WARN_COMMA = YES;
				CLANG_WARN_CONSTANT_CONVERSION = YES;
				CLANG_WARN_DEPRECATED_OBJC_IMPLEMENTATIONS = YES;
				CLANG_WARN_DIRECT_OBJC_ISA_USAGE = YES_ERROR;
				CLANG_WARN_DOCUMENTATION_COMMENTS = YES;
				CLANG_WARN_EMPTY_BODY = YES;
				CLANG_WARN_ENUM_CONVERSION = YES;
				CLANG_WARN_INFINITE_RECURSION = YES;
				CLANG_WARN_INT_CONVERSION = YES;
				CLANG_WARN_NON_LITERAL_NULL_CONVERSION = YES;
				CLANG_WARN_OBJC_IMPLICIT_RETAIN_SELF = YES;
				CLANG_WARN_OBJC_LITERAL_CONVERSION = YES;
				CLANG_WARN_OBJC_ROOT_CLASS = YES_ERROR;
				CLANG_WARN_RANGE_LOOP_ANALYSIS = YES;
				CLANG_WARN_STRICT_PROTOTYPES = YES;
				CLANG_WARN_SUSPICIOUS_MOVE = YES;
				CLANG_WARN_UNGUARDED_AVAILABILITY = YES_AGGRESSIVE;
				CLANG_WARN_UNREACHABLE_CODE = YES;
				CLANG_WARN__DUPLICATE_METHOD_MATCH = YES;
				CODE_SIGN_IDENTITY = "iPhone Developer";
				COPY_PHASE_STRIP = NO;
				DEBUG_INFORMATION_FORMAT = dwarf;
				ENABLE_STRICT_OBJC_MSGSEND = YES;
				ENABLE_TESTABILITY = YES;
				GCC_C_LANGUAGE_STANDARD = gnu11;
				GCC_DYNAMIC_NO_PIC = NO;
				GCC_NO_COMMON_BLOCKS = YES;
				GCC_OPTIMIZATION_LEVEL = 0;
				GCC_PREPROCESSOR_DEFINITIONS = (
					"DEBUG=1",
					"$(inherited)",
				);
				GCC_WARN_64_TO_32_BIT_CONVERSION = YES;
				GCC_WARN_ABOUT_RETURN_TYPE = YES_ERROR;
				GCC_WARN_UNDECLARED_SELECTOR = YES;
				GCC_WARN_UNINITIALIZED_AUTOS = YES_AGGRESSIVE;
				GCC_WARN_UNUSED_FUNCTION = YES;
				GCC_WARN_UNUSED_VARIABLE = YES;
				IPHONEOS_DEPLOYMENT_TARGET = 12.1;
				MTL_ENABLE_DEBUG_INFO = INCLUDE_SOURCE;
				MTL_FAST_MATH = YES;
				ONLY_ACTIVE_ARCH = YES;
				SDKROOT = iphoneos;
				SWIFT_ACTIVE_COMPILATION_CONDITIONS = DEBUG;
				SWIFT_OPTIMIZATION_LEVEL = "-Onone";
			};
			name = Debug;
		};
		32B026BE2270A09A00D87122 /* Release */ = {
			isa = XCBuildConfiguration;
			buildSettings = {
				ALWAYS_SEARCH_USER_PATHS = NO;
				CLANG_ANALYZER_NONNULL = YES;
				CLANG_ANALYZER_NUMBER_OBJECT_CONVERSION = YES_AGGRESSIVE;
				CLANG_CXX_LANGUAGE_STANDARD = "gnu++14";
				CLANG_CXX_LIBRARY = "libc++";
				CLANG_ENABLE_MODULES = YES;
				CLANG_ENABLE_OBJC_ARC = YES;
				CLANG_ENABLE_OBJC_WEAK = YES;
				CLANG_WARN_BLOCK_CAPTURE_AUTORELEASING = YES;
				CLANG_WARN_BOOL_CONVERSION = YES;
				CLANG_WARN_COMMA = YES;
				CLANG_WARN_CONSTANT_CONVERSION = YES;
				CLANG_WARN_DEPRECATED_OBJC_IMPLEMENTATIONS = YES;
				CLANG_WARN_DIRECT_OBJC_ISA_USAGE = YES_ERROR;
				CLANG_WARN_DOCUMENTATION_COMMENTS = YES;
				CLANG_WARN_EMPTY_BODY = YES;
				CLANG_WARN_ENUM_CONVERSION = YES;
				CLANG_WARN_INFINITE_RECURSION = YES;
				CLANG_WARN_INT_CONVERSION = YES;
				CLANG_WARN_NON_LITERAL_NULL_CONVERSION = YES;
				CLANG_WARN_OBJC_IMPLICIT_RETAIN_SELF = YES;
				CLANG_WARN_OBJC_LITERAL_CONVERSION = YES;
				CLANG_WARN_OBJC_ROOT_CLASS = YES_ERROR;
				CLANG_WARN_RANGE_LOOP_ANALYSIS = YES;
				CLANG_WARN_STRICT_PROTOTYPES = YES;
				CLANG_WARN_SUSPICIOUS_MOVE = YES;
				CLANG_WARN_UNGUARDED_AVAILABILITY = YES_AGGRESSIVE;
				CLANG_WARN_UNREACHABLE_CODE = YES;
				CLANG_WARN__DUPLICATE_METHOD_MATCH = YES;
				CODE_SIGN_IDENTITY = "iPhone Developer";
				COPY_PHASE_STRIP = NO;
				DEBUG_INFORMATION_FORMAT = "dwarf-with-dsym";
				ENABLE_NS_ASSERTIONS = NO;
				ENABLE_STRICT_OBJC_MSGSEND = YES;
				GCC_C_LANGUAGE_STANDARD = gnu11;
				GCC_NO_COMMON_BLOCKS = YES;
				GCC_WARN_64_TO_32_BIT_CONVERSION = YES;
				GCC_WARN_ABOUT_RETURN_TYPE = YES_ERROR;
				GCC_WARN_UNDECLARED_SELECTOR = YES;
				GCC_WARN_UNINITIALIZED_AUTOS = YES_AGGRESSIVE;
				GCC_WARN_UNUSED_FUNCTION = YES;
				GCC_WARN_UNUSED_VARIABLE = YES;
				IPHONEOS_DEPLOYMENT_TARGET = 12.1;
				MTL_ENABLE_DEBUG_INFO = NO;
				MTL_FAST_MATH = YES;
				SDKROOT = iphoneos;
				SWIFT_COMPILATION_MODE = wholemodule;
				SWIFT_OPTIMIZATION_LEVEL = "-O";
				VALIDATE_PRODUCT = YES;
			};
			name = Release;
		};
		32B026C02270A09A00D87122 /* Debug */ = {
			isa = XCBuildConfiguration;
			buildSettings = {
				ASSETCATALOG_COMPILER_APPICON_NAME = AppIcon;
				CODE_SIGN_STYLE = Automatic;
				DEVELOPMENT_TEAM = VNSKQS565V;
				INFOPLIST_FILE = "Pick Up Game/Info.plist";
				LD_RUNPATH_SEARCH_PATHS = (
					"$(inherited)",
					"@executable_path/Frameworks",
				);
				PRODUCT_BUNDLE_IDENTIFIER = "clc.Pick-Up-Game";
				PRODUCT_NAME = "$(TARGET_NAME)";
				SWIFT_VERSION = 4.2;
				TARGETED_DEVICE_FAMILY = "1,2";
			};
			name = Debug;
		};
		32B026C12270A09A00D87122 /* Release */ = {
			isa = XCBuildConfiguration;
			buildSettings = {
				ASSETCATALOG_COMPILER_APPICON_NAME = AppIcon;
				CODE_SIGN_STYLE = Automatic;
				DEVELOPMENT_TEAM = VNSKQS565V;
				INFOPLIST_FILE = "Pick Up Game/Info.plist";
				LD_RUNPATH_SEARCH_PATHS = (
					"$(inherited)",
					"@executable_path/Frameworks",
				);
				PRODUCT_BUNDLE_IDENTIFIER = "clc.Pick-Up-Game";
				PRODUCT_NAME = "$(TARGET_NAME)";
				SWIFT_VERSION = 4.2;
				TARGETED_DEVICE_FAMILY = "1,2";
			};
			name = Release;
		};
		32B026C32270A09A00D87122 /* Debug */ = {
			isa = XCBuildConfiguration;
			buildSettings = {
				ALWAYS_EMBED_SWIFT_STANDARD_LIBRARIES = YES;
				BUNDLE_LOADER = "$(TEST_HOST)";
				CODE_SIGN_STYLE = Automatic;
				INFOPLIST_FILE = "Pick Up GameTests/Info.plist";
				LD_RUNPATH_SEARCH_PATHS = (
					"$(inherited)",
					"@executable_path/Frameworks",
					"@loader_path/Frameworks",
				);
				PRODUCT_BUNDLE_IDENTIFIER = "clc.Pick-Up-GameTests";
				PRODUCT_NAME = "$(TARGET_NAME)";
				SWIFT_VERSION = 4.2;
				TARGETED_DEVICE_FAMILY = "1,2";
				TEST_HOST = "$(BUILT_PRODUCTS_DIR)/Pick Up Game.app/Pick Up Game";
			};
			name = Debug;
		};
		32B026C42270A09A00D87122 /* Release */ = {
			isa = XCBuildConfiguration;
			buildSettings = {
				ALWAYS_EMBED_SWIFT_STANDARD_LIBRARIES = YES;
				BUNDLE_LOADER = "$(TEST_HOST)";
				CODE_SIGN_STYLE = Automatic;
				INFOPLIST_FILE = "Pick Up GameTests/Info.plist";
				LD_RUNPATH_SEARCH_PATHS = (
					"$(inherited)",
					"@executable_path/Frameworks",
					"@loader_path/Frameworks",
				);
				PRODUCT_BUNDLE_IDENTIFIER = "clc.Pick-Up-GameTests";
				PRODUCT_NAME = "$(TARGET_NAME)";
				SWIFT_VERSION = 4.2;
				TARGETED_DEVICE_FAMILY = "1,2";
				TEST_HOST = "$(BUILT_PRODUCTS_DIR)/Pick Up Game.app/Pick Up Game";
			};
			name = Release;
		};
		32B026C62270A09A00D87122 /* Debug */ = {
			isa = XCBuildConfiguration;
			buildSettings = {
				ALWAYS_EMBED_SWIFT_STANDARD_LIBRARIES = YES;
				CODE_SIGN_STYLE = Automatic;
				INFOPLIST_FILE = "Pick Up GameUITests/Info.plist";
				LD_RUNPATH_SEARCH_PATHS = (
					"$(inherited)",
					"@executable_path/Frameworks",
					"@loader_path/Frameworks",
				);
				PRODUCT_BUNDLE_IDENTIFIER = "clc.Pick-Up-GameUITests";
				PRODUCT_NAME = "$(TARGET_NAME)";
				SWIFT_VERSION = 4.2;
				TARGETED_DEVICE_FAMILY = "1,2";
				TEST_TARGET_NAME = "Pick Up Game";
			};
			name = Debug;
		};
		32B026C72270A09A00D87122 /* Release */ = {
			isa = XCBuildConfiguration;
			buildSettings = {
				ALWAYS_EMBED_SWIFT_STANDARD_LIBRARIES = YES;
				CODE_SIGN_STYLE = Automatic;
				INFOPLIST_FILE = "Pick Up GameUITests/Info.plist";
				LD_RUNPATH_SEARCH_PATHS = (
					"$(inherited)",
					"@executable_path/Frameworks",
					"@loader_path/Frameworks",
				);
				PRODUCT_BUNDLE_IDENTIFIER = "clc.Pick-Up-GameUITests";
				PRODUCT_NAME = "$(TARGET_NAME)";
				SWIFT_VERSION = 4.2;
				TARGETED_DEVICE_FAMILY = "1,2";
				TEST_TARGET_NAME = "Pick Up Game";
			};
			name = Release;
		};
/* End XCBuildConfiguration section */

/* Begin XCConfigurationList section */
		32B0268F2270A09800D87122 /* Build configuration list for PBXProject "Pick Up Game" */ = {
			isa = XCConfigurationList;
			buildConfigurations = (
				32B026BD2270A09A00D87122 /* Debug */,
				32B026BE2270A09A00D87122 /* Release */,
			);
			defaultConfigurationIsVisible = 0;
			defaultConfigurationName = Release;
		};
		32B026BF2270A09A00D87122 /* Build configuration list for PBXNativeTarget "Pick Up Game" */ = {
			isa = XCConfigurationList;
			buildConfigurations = (
				32B026C02270A09A00D87122 /* Debug */,
				32B026C12270A09A00D87122 /* Release */,
			);
			defaultConfigurationIsVisible = 0;
			defaultConfigurationName = Release;
		};
		32B026C22270A09A00D87122 /* Build configuration list for PBXNativeTarget "Pick Up GameTests" */ = {
			isa = XCConfigurationList;
			buildConfigurations = (
				32B026C32270A09A00D87122 /* Debug */,
				32B026C42270A09A00D87122 /* Release */,
			);
			defaultConfigurationIsVisible = 0;
			defaultConfigurationName = Release;
		};
		32B026C52270A09A00D87122 /* Build configuration list for PBXNativeTarget "Pick Up GameUITests" */ = {
			isa = XCConfigurationList;
			buildConfigurations = (
				32B026C62270A09A00D87122 /* Debug */,
				32B026C72270A09A00D87122 /* Release */,
			);
			defaultConfigurationIsVisible = 0;
			defaultConfigurationName = Release;
		};
/* End XCConfigurationList section */

/* Begin XCVersionGroup section */
		32B0269E2270A09800D87122 /* Pick_Up_Game.xcdatamodeld */ = {
			isa = XCVersionGroup;
			children = (
				32B0269F2270A09800D87122 /* Pick_Up_Game.xcdatamodel */,
			);
			currentVersion = 32B0269F2270A09800D87122 /* Pick_Up_Game.xcdatamodel */;
			path = Pick_Up_Game.xcdatamodeld;
			sourceTree = "<group>";
			versionGroupType = wrapper.xcdatamodel;
		};
/* End XCVersionGroup section */
	};
	rootObject = 32B0268C2270A09800D87122 /* Project object */;
}
